{
  "version": 4,
  "terraform_version": "1.5.7",
  "serial": 10,
  "lineage": "583dedd7-3501-57c7-3398-4a7cdf6f2be9",
  "outputs": {},
  "resources": [
    {
      "module": "module.front",
      "mode": "data",
      "type": "aws_s3_bucket",
      "name": "selected-bucket",
      "provider": "module.front.provider[\"registry.terraform.io/hashicorp/aws\"]",
      "instances": [
        {
          "schema_version": 0,
          "attributes": {
            "arn": "arn:aws:s3:::www.demo.tolpart.ae",
            "bucket": "www.demo.tolpart.ae",
            "bucket_domain_name": "www.demo.tolpart.ae.s3.amazonaws.com",
            "bucket_regional_domain_name": "www.demo.tolpart.ae.s3.us-east-1.amazonaws.com",
            "hosted_zone_id": "Z3AQBSTGFYJSTF",
            "id": "www.demo.tolpart.ae",
            "region": "us-east-1",
            "website_domain": "s3-website-us-east-1.amazonaws.com",
            "website_endpoint": "www.demo.tolpart.ae.s3-website-us-east-1.amazonaws.com"
          },
          "sensitive_attributes": []
        }
      ]
    },
    {
      "module": "module.front",
      "mode": "managed",
      "type": "aws_cloudfront_origin_access_identity",
      "name": "oai",
      "provider": "module.front.provider[\"registry.terraform.io/hashicorp/aws\"]",
      "instances": [
        {
          "schema_version": 0,
          "attributes": {
            "caller_reference": "terraform-20230920202841190100000001",
            "cloudfront_access_identity_path": "origin-access-identity/cloudfront/E1NEPY1KTGI80G",
            "comment": "OAI for S3 bucket",
            "etag": "E2HXTATFPJF9QI",
            "iam_arn": "arn:aws:iam::cloudfront:user/CloudFront Origin Access Identity E1NEPY1KTGI80G",
            "id": "E1NEPY1KTGI80G",
            "s3_canonical_user_id": "870b3a2ed50e635f1ddc134b7e3640372b2ee2f5e43f4b3c6ec0f8293e21f1170d1621cce9f1e6311768858612933432"
          },
          "sensitive_attributes": [],
          "private": "bnVsbA=="
        }
      ]
    },
    {
      "module": "module.front",
      "mode": "managed",
      "type": "aws_s3_bucket",
      "name": "bucket-1",
      "provider": "module.front.provider[\"registry.terraform.io/hashicorp/aws\"]",
      "instances": [
        {
          "schema_version": 0,
          "attributes": {
            "acceleration_status": "",
            "acl": null,
            "arn": "arn:aws:s3:::www.demo.tolpart.ae",
            "bucket": "www.demo.tolpart.ae",
            "bucket_domain_name": "www.demo.tolpart.ae.s3.amazonaws.com",
            "bucket_prefix": "",
            "bucket_regional_domain_name": "www.demo.tolpart.ae.s3.us-east-1.amazonaws.com",
            "cors_rule": [],
            "force_destroy": false,
            "grant": [
              {
                "id": "bfc86f129854d86ccee15b0c379752efc178e3c9e6a5ab1739b6cae1c029d7a0",
                "permissions": [
                  "FULL_CONTROL"
                ],
                "type": "CanonicalUser",
                "uri": ""
              }
            ],
            "hosted_zone_id": "Z3AQBSTGFYJSTF",
            "id": "www.demo.tolpart.ae",
            "lifecycle_rule": [],
            "logging": [],
            "object_lock_configuration": [],
            "object_lock_enabled": false,
            "policy": "",
            "region": "us-east-1",
            "replication_configuration": [],
            "request_payer": "BucketOwner",
            "server_side_encryption_configuration": [
              {
                "rule": [
                  {
                    "apply_server_side_encryption_by_default": [
                      {
                        "kms_master_key_id": "",
                        "sse_algorithm": "AES256"
                      }
                    ],
                    "bucket_key_enabled": false
                  }
                ]
              }
            ],
            "tags": {},
            "tags_all": {},
            "timeouts": null,
            "versioning": [
              {
                "enabled": false,
                "mfa_delete": false
              }
            ],
            "website": [
              {
                "error_document": "",
                "index_document": "index.html",
                "redirect_all_requests_to": "",
                "routing_rules": ""
              }
            ],
            "website_domain": "s3-website-us-east-1.amazonaws.com",
            "website_endpoint": "www.demo.tolpart.ae.s3-website-us-east-1.amazonaws.com"
          },
          "sensitive_attributes": [],
          "private": "eyJlMmJmYjczMC1lY2FhLTExZTYtOGY4OC0zNDM2M2JjN2M0YzAiOnsiY3JlYXRlIjoxMjAwMDAwMDAwMDAwLCJkZWxldGUiOjM2MDAwMDAwMDAwMDAsInJlYWQiOjEyMDAwMDAwMDAwMDAsInVwZGF0ZSI6MTIwMDAwMDAwMDAwMH19"
        }
      ]
    },
    {
      "module": "module.front",
      "mode": "managed",
      "type": "aws_s3_bucket_acl",
      "name": "bucket-acl",
      "provider": "module.front.provider[\"registry.terraform.io/hashicorp/aws\"]",
      "instances": [
        {
          "schema_version": 0,
          "attributes": {
            "access_control_policy": [
              {
                "grant": [
                  {
                    "grantee": [
                      {
                        "display_name": "t.tolparov",
                        "email_address": "",
                        "id": "bfc86f129854d86ccee15b0c379752efc178e3c9e6a5ab1739b6cae1c029d7a0",
                        "type": "CanonicalUser",
                        "uri": ""
                      }
                    ],
                    "permission": "FULL_CONTROL"
                  }
                ],
                "owner": [
                  {
                    "display_name": "t.tolparov",
                    "id": "bfc86f129854d86ccee15b0c379752efc178e3c9e6a5ab1739b6cae1c029d7a0"
                  }
                ]
              }
            ],
            "acl": "private",
            "bucket": "www.demo.tolpart.ae",
            "expected_bucket_owner": "",
            "id": "www.demo.tolpart.ae,private"
          },
          "sensitive_attributes": [],
          "private": "bnVsbA==",
          "dependencies": [
            "module.front.aws_s3_bucket.bucket-1",
            "module.front.aws_s3_bucket_ownership_controls.bucket-ownership-control",
            "module.front.data.aws_s3_bucket.selected-bucket"
          ]
        }
      ]
    },
    {
      "module": "module.front",
      "mode": "managed",
      "type": "aws_s3_bucket_ownership_controls",
      "name": "bucket-ownership-control",
      "provider": "module.front.provider[\"registry.terraform.io/hashicorp/aws\"]",
      "instances": [
        {
          "schema_version": 0,
          "attributes": {
            "bucket": "www.demo.tolpart.ae",
            "id": "www.demo.tolpart.ae",
            "rule": [
              {
                "object_ownership": "BucketOwnerPreferred"
              }
            ]
          },
          "sensitive_attributes": [],
          "private": "bnVsbA==",
          "dependencies": [
            "module.front.aws_s3_bucket.bucket-1",
            "module.front.data.aws_s3_bucket.selected-bucket"
          ]
        }
      ]
    },
    {
      "module": "module.front",
      "mode": "managed",
      "type": "aws_s3_bucket_website_configuration",
      "name": "website",
      "provider": "module.front.provider[\"registry.terraform.io/hashicorp/aws\"]",
      "instances": [
        {
          "schema_version": 0,
          "attributes": {
            "bucket": "www.demo.tolpart.ae",
            "error_document": [],
            "expected_bucket_owner": "",
            "id": "www.demo.tolpart.ae",
            "index_document": [
              {
                "suffix": "index.html"
              }
            ],
            "redirect_all_requests_to": [],
            "routing_rule": [],
            "routing_rules": "",
            "website_domain": "s3-website-us-east-1.amazonaws.com",
            "website_endpoint": "www.demo.tolpart.ae.s3-website-us-east-1.amazonaws.com"
          },
          "sensitive_attributes": [],
          "private": "bnVsbA==",
          "dependencies": [
            "module.front.aws_s3_bucket.bucket-1",
            "module.front.data.aws_s3_bucket.selected-bucket"
          ]
        }
      ]
    }
  ],
  "check_results": null
}
